{
  "name": "the-great-object-wechat",
  "version": "1.0.0",
  "lockfileVersion": 1,
  "requires": true,
  "dependencies": {
    "@babel/runtime": {
      "version": "7.9.2",
      "resolved": "https://registry.npmjs.org/@babel/runtime/-/runtime-7.9.2.tgz",
      "integrity": "sha512-NE2DtOdufG7R5vnfQUTehdTfNycfUANEtCa9PssN9O/xmTzP4E08UI797ixaei6hBEVL9BI/PsdJS5x7mWoB9Q==",
      "requires": {
        "regenerator-runtime": "^0.13.4"
      }
    },
    "@vant/icons": {
      "version": "1.1.13",
      "resolved": "https://registry.npmjs.org/@vant/icons/-/icons-1.1.13.tgz",
      "integrity": "sha512-r2EoKDQ4Xh82fo5jVY/m/+LZFfRhHp+ViagySExzlJ7t6JFtmK1OqB6HdFkXXbfEzB/48BvGoPVifFoYzke6KQ=="
    },
    "@vue/babel-helper-vue-jsx-merge-props": {
      "version": "1.0.0",
      "resolved": "https://registry.npmjs.org/@vue/babel-helper-vue-jsx-merge-props/-/babel-helper-vue-jsx-merge-props-1.0.0.tgz",
      "integrity": "sha512-6tyf5Cqm4m6v7buITuwS+jHzPlIPxbFzEhXR5JGZpbrvOcp1hiQKckd305/3C7C36wFekNTQSxAtgeM0j0yoUw=="
    },
    "jsbn": {
      "version": "1.1.0",
      "resolved": "https://registry.npmjs.org/jsbn/-/jsbn-1.1.0.tgz",
      "integrity": "sha1-sBMHyym2GKHtJux56RH4A8TaAEA="
    },
    "miniprogram-sm-crypto": {
      "version": "0.1.0",
      "resolved": "https://registry.npmjs.org/miniprogram-sm-crypto/-/miniprogram-sm-crypto-0.1.0.tgz",
      "integrity": "sha512-LVqqteGNCarEepLezmKVMxuD1V795EIN1+Js4SU2nWEqnH50mwv93Vivp3F6LIWFMLE9Il4Cow1QIoqgoOTzyA==",
      "requires": {
        "jsbn": "^1.1.0"
      }
    },
    "regenerator-runtime": {
      "version": "0.13.5",
      "resolved": "https://registry.npmjs.org/regenerator-runtime/-/regenerator-runtime-0.13.5.tgz",
      "integrity": "sha512-ZS5w8CpKFinUzOwW3c83oPeVXoNsrLsaCoLtJvAClH135j/R77RuymhiSErhm2lKcwSCIpmvIWSbDkIfAqKQlA=="
    },
    "vant": {
      "version": "2.1.7",
      "resolved": "https://registry.npmjs.org/vant/-/vant-2.1.7.tgz",
      "integrity": "sha512-rpkaR8HSPZNS0j27oD61hdN5fb6l5G4d0kgzsnJXQu4sicpaojHlKumvKfvuEfeLFKo1gZn9mhoj5Lm2QgAPTA==",
      "requires": {
        "@babel/runtime": "7.x",
        "@vant/icons": "1.1.13",
        "@vue/babel-helper-vue-jsx-merge-props": "^1.0.0",
        "vue-lazyload": "1.2.3"
      }
    },
    "vant-weapp": {
      "version": "1.0.0-beta.0",
      "resolved": "https://registry.npmjs.org/vant-weapp/-/vant-weapp-1.0.0-beta.0.tgz",
      "integrity": "sha512-5lFcQfibygU1WTLe/54vICmOfuOPgdfh8M4rUJXUBT8v7gqrql3QNIjv2T9/cJn0Oh8xK4LRZckHmAr50HWr6g=="
    },
    "vue": {
      "version": "2.5.0",
      "resolved": "https://registry.npmjs.org/vue/-/vue-2.5.0.tgz",
      "integrity": "sha512-KngZQLLe/N2Bvl3qu0xgqQHemm9MNz9y73D7yJ5tVavOKyhSgCLARYzrXJzYtoeadUSrItzV36VrHywLGVUx7w=="
    },
    "vue-lazyload": {
      "version": "1.2.3",
      "resolved": "https://registry.npmjs.org/vue-lazyload/-/vue-lazyload-1.2.3.tgz",
      "integrity": "sha512-DC0ZwxanbRhx79tlA3zY5OYJkH8FYp3WBAnAJbrcuoS8eye1P73rcgAZhyxFSPUluJUTelMB+i/+VkNU/qVm7g=="
    }
  }
}
